
Microsoft Visual Studio Solution File, Format Version 12.00
# Visual Studio Version 16
VisualStudioVersion = 16.0.31005.135
MinimumVisualStudioVersion = 10.0.40219.1
Project("{FAE04EC0-301F-11D3-BF4B-00C04F79EFBC}") = "fecha de cumpleaños", "fecha de cumpleaños\fecha de cumpleaños.csproj", "{828C0AA0-CAF1-4E54-8FCA-C93824EAC1F1}"
EndProject
Global
	GlobalSection(SolutionConfigurationPlatforms) = preSolution
		Debug|Any CPU = Debug|Any CPU
		Release|Any CPU = Release|Any CPU
	EndGlobalSection
	GlobalSection(ProjectConfigurationPlatforms) = postSolution
		{828C0AA0-CAF1-4E54-8FCA-C93824EAC1F1}.Debug|Any CPU.ActiveCfg = Debug|Any CPU
		{828C0AA0-CAF1-4E54-8FCA-C93824EAC1F1}.Debug|Any CPU.Build.0 = Debug|Any CPU
		{828C0AA0-CAF1-4E54-8FCA-C93824EAC1F1}.Release|Any CPU.ActiveCfg = Release|Any CPU
		{828C0AA0-CAF1-4E54-8FCA-C93824EAC1F1}.Release|Any CPU.Build.0 = Release|Any CPU
	EndGlobalSection
	GlobalSection(SolutionProperties) = preSolution
		HideSolutionNode = FALSE
	EndGlobalSection
	GlobalSection(ExtensibilityGlobals) = postSolution
		SolutionGuid = {2E8E5D95-E12A-48BA-A5B6-654455CBC68B}
	EndGlobalSection
EndGlobal
