
Microsoft Visual Studio Solution File, Format Version 12.00
# Visual Studio Version 16
VisualStudioVersion = 16.0.31005.135
MinimumVisualStudioVersion = 10.0.40219.1
Project("{FAE04EC0-301F-11D3-BF4B-00C04F79EFBC}") = "serie de numeros", "serie de numeros\serie de numeros.csproj", "{63F40388-F2F3-41CA-98E7-779182EB5750}"
EndProject
Global
	GlobalSection(SolutionConfigurationPlatforms) = preSolution
		Debug|Any CPU = Debug|Any CPU
		Release|Any CPU = Release|Any CPU
	EndGlobalSection
	GlobalSection(ProjectConfigurationPlatforms) = postSolution
		{63F40388-F2F3-41CA-98E7-779182EB5750}.Debug|Any CPU.ActiveCfg = Debug|Any CPU
		{63F40388-F2F3-41CA-98E7-779182EB5750}.Debug|Any CPU.Build.0 = Debug|Any CPU
		{63F40388-F2F3-41CA-98E7-779182EB5750}.Release|Any CPU.ActiveCfg = Release|Any CPU
		{63F40388-F2F3-41CA-98E7-779182EB5750}.Release|Any CPU.Build.0 = Release|Any CPU
	EndGlobalSection
	GlobalSection(SolutionProperties) = preSolution
		HideSolutionNode = FALSE
	EndGlobalSection
	GlobalSection(ExtensibilityGlobals) = postSolution
		SolutionGuid = {58A45CC3-DBCD-446F-8265-28BB3E2A21BE}
	EndGlobalSection
EndGlobal
