
Microsoft Visual Studio Solution File, Format Version 12.00
# Visual Studio Version 16
VisualStudioVersion = 16.0.31005.135
MinimumVisualStudioVersion = 10.0.40219.1
Project("{FAE04EC0-301F-11D3-BF4B-00C04F79EFBC}") = "DIAS DE LA SEMANA", "DIAS DE LA SEMANA\DIAS DE LA SEMANA.csproj", "{E4234B37-95F9-4E0E-959B-C1AA8A5CFAAF}"
EndProject
Global
	GlobalSection(SolutionConfigurationPlatforms) = preSolution
		Debug|Any CPU = Debug|Any CPU
		Release|Any CPU = Release|Any CPU
	EndGlobalSection
	GlobalSection(ProjectConfigurationPlatforms) = postSolution
		{E4234B37-95F9-4E0E-959B-C1AA8A5CFAAF}.Debug|Any CPU.ActiveCfg = Debug|Any CPU
		{E4234B37-95F9-4E0E-959B-C1AA8A5CFAAF}.Debug|Any CPU.Build.0 = Debug|Any CPU
		{E4234B37-95F9-4E0E-959B-C1AA8A5CFAAF}.Release|Any CPU.ActiveCfg = Release|Any CPU
		{E4234B37-95F9-4E0E-959B-C1AA8A5CFAAF}.Release|Any CPU.Build.0 = Release|Any CPU
	EndGlobalSection
	GlobalSection(SolutionProperties) = preSolution
		HideSolutionNode = FALSE
	EndGlobalSection
	GlobalSection(ExtensibilityGlobals) = postSolution
		SolutionGuid = {469D1CBA-6ABC-4452-A929-BCD368285850}
	EndGlobalSection
EndGlobal
