
Microsoft Visual Studio Solution File, Format Version 12.00
# Visual Studio Version 16
VisualStudioVersion = 16.0.31005.135
MinimumVisualStudioVersion = 10.0.40219.1
Project("{FAE04EC0-301F-11D3-BF4B-00C04F79EFBC}") = "MULTIPLICAR", "MULTIPLICAR\MULTIPLICAR.csproj", "{83FB62F1-3029-4D84-BAC8-14B1DAB21B89}"
EndProject
Global
	GlobalSection(SolutionConfigurationPlatforms) = preSolution
		Debug|Any CPU = Debug|Any CPU
		Release|Any CPU = Release|Any CPU
	EndGlobalSection
	GlobalSection(ProjectConfigurationPlatforms) = postSolution
		{83FB62F1-3029-4D84-BAC8-14B1DAB21B89}.Debug|Any CPU.ActiveCfg = Debug|Any CPU
		{83FB62F1-3029-4D84-BAC8-14B1DAB21B89}.Debug|Any CPU.Build.0 = Debug|Any CPU
		{83FB62F1-3029-4D84-BAC8-14B1DAB21B89}.Release|Any CPU.ActiveCfg = Release|Any CPU
		{83FB62F1-3029-4D84-BAC8-14B1DAB21B89}.Release|Any CPU.Build.0 = Release|Any CPU
	EndGlobalSection
	GlobalSection(SolutionProperties) = preSolution
		HideSolutionNode = FALSE
	EndGlobalSection
	GlobalSection(ExtensibilityGlobals) = postSolution
		SolutionGuid = {FCFDB6FB-70A0-4800-AAA3-BAC1538C15BB}
	EndGlobalSection
EndGlobal
